// !$*UTF8*$!
{
	archiveVersion = 1;
	classes = {
	};
	objectVersion = 50;
	objects = {

/* Begin PBXBuildFile section */
		3A4CAEDF20BEA11600021363 /* AppDelegate.swift in Sources */ = {isa = PBXBuildFile; fileRef = 3A4CAEDE20BEA11600021363 /* AppDelegate.swift */; };
		3A4CAEE420BEA11600021363 /* Main.storyboard in Resources */ = {isa = PBXBuildFile; fileRef = 3A4CAEE220BEA11600021363 /* Main.storyboard */; };
		3A4CAEE620BEA11800021363 /* Assets.xcassets in Resources */ = {isa = PBXBuildFile; fileRef = 3A4CAEE520BEA11800021363 /* Assets.xcassets */; };
		3A4CAEE920BEA11800021363 /* LaunchScreen.storyboard in Resources */ = {isa = PBXBuildFile; fileRef = 3A4CAEE720BEA11800021363 /* LaunchScreen.storyboard */; };
		3A4CAEF220BEA17E00021363 /* BaseVIewController.swift in Sources */ = {isa = PBXBuildFile; fileRef = 3A4CAEF120BEA17E00021363 /* BaseVIewController.swift */; };
		3A4CAEF420BEA1E200021363 /* CategoriesViewController.swift in Sources */ = {isa = PBXBuildFile; fileRef = 3A4CAEF320BEA1E200021363 /* CategoriesViewController.swift */; };
		3A4CAEF620BEA51300021363 /* GameViewController.swift in Sources */ = {isa = PBXBuildFile; fileRef = 3A4CAEF520BEA51300021363 /* GameViewController.swift */; };
		3A4CAEFA20BEAB2700021363 /* package_json.json in Resources */ = {isa = PBXBuildFile; fileRef = 3A4CAEF920BEAB2700021363 /* package_json.json */; };
		3A4CAEFD20BEAC7A00021363 /* Question.swift in Sources */ = {isa = PBXBuildFile; fileRef = 3A4CAEFB20BEAC7A00021363 /* Question.swift */; };
		3A4CAF0420BFFB6B00021363 /* PTSansNarrowBold.ttf in Resources */ = {isa = PBXBuildFile; fileRef = 3A4CAF0320BFFB6B00021363 /* PTSansNarrowBold.ttf */; };
		449CA2109A1650614244DB39 /* Pods_Heritage_App.framework in Frameworks */ = {isa = PBXBuildFile; fileRef = B5A06D93855248AB1B403826 /* Pods_Heritage_App.framework */; };
		6B0C723C20C0698100AB904C /* WinViewController.swift in Sources */ = {isa = PBXBuildFile; fileRef = 6B0C723B20C0698100AB904C /* WinViewController.swift */; };
		6B0C723F20C0699200AB904C /* LoseViewController.swift in Sources */ = {isa = PBXBuildFile; fileRef = 6B0C723E20C0699200AB904C /* LoseViewController.swift */; };
		6B0C724220C069AE00AB904C /* SelectCampaignViewController.swift in Sources */ = {isa = PBXBuildFile; fileRef = 6B0C724120C069AE00AB904C /* SelectCampaignViewController.swift */; };
		6B0C724520C06AF000AB904C /* SelectDifficultyViewController.swift in Sources */ = {isa = PBXBuildFile; fileRef = 6B0C724420C06AF000AB904C /* SelectDifficultyViewController.swift */; };
		6B0C724A20C06CED00AB904C /* HomeViewController.swift in Sources */ = {isa = PBXBuildFile; fileRef = 6B0C724920C06CED00AB904C /* HomeViewController.swift */; };
		6BE6662620C3F66400162872 /* PMISessionManager.swift in Sources */ = {isa = PBXBuildFile; fileRef = 6BE6662420C3F66400162872 /* PMISessionManager.swift */; };
		6BE6662720C3F66400162872 /* DownloadImageOperation.swift in Sources */ = {isa = PBXBuildFile; fileRef = 6BE6662520C3F66400162872 /* DownloadImageOperation.swift */; };
		6BE6662D20C3F67500162872 /* PMIDataSource.swift in Sources */ = {isa = PBXBuildFile; fileRef = 6BE6662920C3F67400162872 /* PMIDataSource.swift */; };
		6BE6662E20C3F67500162872 /* PMI.xcdatamodeld in Sources */ = {isa = PBXBuildFile; fileRef = 6BE6662A20C3F67400162872 /* PMI.xcdatamodeld */; };
		6BE6662F20C3F67500162872 /* String+Extensions.swift in Sources */ = {isa = PBXBuildFile; fileRef = 6BE6662C20C3F67400162872 /* String+Extensions.swift */; };
		6BE6663820C3F68700162872 /* Gift+DictionaryInitializer.swift in Sources */ = {isa = PBXBuildFile; fileRef = 6BE6663220C3F68600162872 /* Gift+DictionaryInitializer.swift */; };
		6BE6663920C3F68700162872 /* AppearanceTheme+CoreDataExtensions.swift in Sources */ = {isa = PBXBuildFile; fileRef = 6BE6663320C3F68600162872 /* AppearanceTheme+CoreDataExtensions.swift */; };
		6BE6663A20C3F68700162872 /* Campaign+CoreDataExtensions.swift in Sources */ = {isa = PBXBuildFile; fileRef = 6BE6663420C3F68600162872 /* Campaign+CoreDataExtensions.swift */; };
		6BE6663B20C3F68700162872 /* GiftScenario+DictionaryInitializer.swift in Sources */ = {isa = PBXBuildFile; fileRef = 6BE6663520C3F68700162872 /* GiftScenario+DictionaryInitializer.swift */; };
		6BE6663C20C3F68700162872 /* Scenario+DictionaryInitializer.swift in Sources */ = {isa = PBXBuildFile; fileRef = 6BE6663620C3F68700162872 /* Scenario+DictionaryInitializer.swift */; };
		6BE6663D20C3F68700162872 /* Scenario+Gift.swift in Sources */ = {isa = PBXBuildFile; fileRef = 6BE6663720C3F68700162872 /* Scenario+Gift.swift */; };
		6BE6664820C3F68C00162872 /* AppearanceTheme+CoreDataProperties.swift in Sources */ = {isa = PBXBuildFile; fileRef = 6BE6663E20C3F68B00162872 /* AppearanceTheme+CoreDataProperties.swift */; };
		6BE6664920C3F68C00162872 /* AppearanceTheme+CoreDataClass.swift in Sources */ = {isa = PBXBuildFile; fileRef = 6BE6663F20C3F68B00162872 /* AppearanceTheme+CoreDataClass.swift */; };
		6BE6664A20C3F68C00162872 /* Gift+CoreDataProperties.swift in Sources */ = {isa = PBXBuildFile; fileRef = 6BE6664020C3F68B00162872 /* Gift+CoreDataProperties.swift */; };
		6BE6664B20C3F68C00162872 /* Campaign+CoreDataProperties.swift in Sources */ = {isa = PBXBuildFile; fileRef = 6BE6664120C3F68B00162872 /* Campaign+CoreDataProperties.swift */; };
		6BE6664C20C3F68C00162872 /* GiftScenario+CoreDataClass.swift in Sources */ = {isa = PBXBuildFile; fileRef = 6BE6664220C3F68B00162872 /* GiftScenario+CoreDataClass.swift */; };
		6BE6664D20C3F68C00162872 /* GiftScenario+CoreDataProperties.swift in Sources */ = {isa = PBXBuildFile; fileRef = 6BE6664320C3F68B00162872 /* GiftScenario+CoreDataProperties.swift */; };
		6BE6664E20C3F68C00162872 /* Scenario+CoreDataClass.swift in Sources */ = {isa = PBXBuildFile; fileRef = 6BE6664420C3F68B00162872 /* Scenario+CoreDataClass.swift */; };
		6BE6664F20C3F68C00162872 /* Campaign+CoreDataClass.swift in Sources */ = {isa = PBXBuildFile; fileRef = 6BE6664520C3F68B00162872 /* Campaign+CoreDataClass.swift */; };
		6BE6665020C3F68C00162872 /* Scenario+CoreDataProperties.swift in Sources */ = {isa = PBXBuildFile; fileRef = 6BE6664620C3F68B00162872 /* Scenario+CoreDataProperties.swift */; };
		6BE6665120C3F68C00162872 /* Gift+CoreDataClass.swift in Sources */ = {isa = PBXBuildFile; fileRef = 6BE6664720C3F68C00162872 /* Gift+CoreDataClass.swift */; };
/* End PBXBuildFile section */

/* Begin PBXFileReference section */
		3A4CAEDB20BEA11600021363 /* Heritage App.app */ = {isa = PBXFileReference; explicitFileType = wrapper.application; includeInIndex = 0; path = "Heritage App.app"; sourceTree = BUILT_PRODUCTS_DIR; };
		3A4CAEDE20BEA11600021363 /* AppDelegate.swift */ = {isa = PBXFileReference; lastKnownFileType = sourcecode.swift; path = AppDelegate.swift; sourceTree = "<group>"; };
		3A4CAEE320BEA11600021363 /* Base */ = {isa = PBXFileReference; lastKnownFileType = file.storyboard; name = Base; path = Base.lproj/Main.storyboard; sourceTree = "<group>"; };
		3A4CAEE520BEA11800021363 /* Assets.xcassets */ = {isa = PBXFileReference; lastKnownFileType = folder.assetcatalog; path = Assets.xcassets; sourceTree = "<group>"; };
		3A4CAEE820BEA11800021363 /* Base */ = {isa = PBXFileReference; lastKnownFileType = file.storyboard; name = Base; path = Base.lproj/LaunchScreen.storyboard; sourceTree = "<group>"; };
		3A4CAEEA20BEA11800021363 /* Info.plist */ = {isa = PBXFileReference; lastKnownFileType = text.plist.xml; path = Info.plist; sourceTree = "<group>"; };
		3A4CAEF120BEA17E00021363 /* BaseVIewController.swift */ = {isa = PBXFileReference; lastKnownFileType = sourcecode.swift; path = BaseVIewController.swift; sourceTree = "<group>"; };
		3A4CAEF320BEA1E200021363 /* CategoriesViewController.swift */ = {isa = PBXFileReference; lastKnownFileType = sourcecode.swift; path = CategoriesViewController.swift; sourceTree = "<group>"; };
		3A4CAEF520BEA51300021363 /* GameViewController.swift */ = {isa = PBXFileReference; lastKnownFileType = sourcecode.swift; path = GameViewController.swift; sourceTree = "<group>"; };
		3A4CAEF920BEAB2700021363 /* package_json.json */ = {isa = PBXFileReference; fileEncoding = 4; lastKnownFileType = text.json; path = package_json.json; sourceTree = "<group>"; };
		3A4CAEFB20BEAC7A00021363 /* Question.swift */ = {isa = PBXFileReference; fileEncoding = 4; lastKnownFileType = sourcecode.swift; path = Question.swift; sourceTree = "<group>"; };
		3A4CAF0320BFFB6B00021363 /* PTSansNarrowBold.ttf */ = {isa = PBXFileReference; lastKnownFileType = file; path = PTSansNarrowBold.ttf; sourceTree = "<group>"; };
		56CCD75EDB9FDF14211BA0E6 /* Pods-Heritage App.release.xcconfig */ = {isa = PBXFileReference; includeInIndex = 1; lastKnownFileType = text.xcconfig; name = "Pods-Heritage App.release.xcconfig"; path = "Pods/Target Support Files/Pods-Heritage App/Pods-Heritage App.release.xcconfig"; sourceTree = "<group>"; };
		6B0C723B20C0698100AB904C /* WinViewController.swift */ = {isa = PBXFileReference; lastKnownFileType = sourcecode.swift; path = WinViewController.swift; sourceTree = "<group>"; };
		6B0C723E20C0699200AB904C /* LoseViewController.swift */ = {isa = PBXFileReference; lastKnownFileType = sourcecode.swift; path = LoseViewController.swift; sourceTree = "<group>"; };
		6B0C724120C069AE00AB904C /* SelectCampaignViewController.swift */ = {isa = PBXFileReference; lastKnownFileType = sourcecode.swift; path = SelectCampaignViewController.swift; sourceTree = "<group>"; };
		6B0C724420C06AF000AB904C /* SelectDifficultyViewController.swift */ = {isa = PBXFileReference; lastKnownFileType = sourcecode.swift; path = SelectDifficultyViewController.swift; sourceTree = "<group>"; };
		6B0C724920C06CED00AB904C /* HomeViewController.swift */ = {isa = PBXFileReference; lastKnownFileType = sourcecode.swift; path = HomeViewController.swift; sourceTree = "<group>"; };
		6BE6662420C3F66400162872 /* PMISessionManager.swift */ = {isa = PBXFileReference; fileEncoding = 4; lastKnownFileType = sourcecode.swift; path = PMISessionManager.swift; sourceTree = "<group>"; };
		6BE6662520C3F66400162872 /* DownloadImageOperation.swift */ = {isa = PBXFileReference; fileEncoding = 4; lastKnownFileType = sourcecode.swift; path = DownloadImageOperation.swift; sourceTree = "<group>"; };
		6BE6662920C3F67400162872 /* PMIDataSource.swift */ = {isa = PBXFileReference; fileEncoding = 4; lastKnownFileType = sourcecode.swift; path = PMIDataSource.swift; sourceTree = "<group>"; };
		6BE6662B20C3F67400162872 /* PMI.xcdatamodel */ = {isa = PBXFileReference; lastKnownFileType = wrapper.xcdatamodel; path = PMI.xcdatamodel; sourceTree = "<group>"; };
		6BE6662C20C3F67400162872 /* String+Extensions.swift */ = {isa = PBXFileReference; fileEncoding = 4; lastKnownFileType = sourcecode.swift; path = "String+Extensions.swift"; sourceTree = "<group>"; };
		6BE6663220C3F68600162872 /* Gift+DictionaryInitializer.swift */ = {isa = PBXFileReference; fileEncoding = 4; lastKnownFileType = sourcecode.swift; path = "Gift+DictionaryInitializer.swift"; sourceTree = "<group>"; };
		6BE6663320C3F68600162872 /* AppearanceTheme+CoreDataExtensions.swift */ = {isa = PBXFileReference; fileEncoding = 4; lastKnownFileType = sourcecode.swift; path = "AppearanceTheme+CoreDataExtensions.swift"; sourceTree = "<group>"; };
		6BE6663420C3F68600162872 /* Campaign+CoreDataExtensions.swift */ = {isa = PBXFileReference; fileEncoding = 4; lastKnownFileType = sourcecode.swift; path = "Campaign+CoreDataExtensions.swift"; sourceTree = "<group>"; };
		6BE6663520C3F68700162872 /* GiftScenario+DictionaryInitializer.swift */ = {isa = PBXFileReference; fileEncoding = 4; lastKnownFileType = sourcecode.swift; path = "GiftScenario+DictionaryInitializer.swift"; sourceTree = "<group>"; };
		6BE6663620C3F68700162872 /* Scenario+DictionaryInitializer.swift */ = {isa = PBXFileReference; fileEncoding = 4; lastKnownFileType = sourcecode.swift; path = "Scenario+DictionaryInitializer.swift"; sourceTree = "<group>"; };
		6BE6663720C3F68700162872 /* Scenario+Gift.swift */ = {isa = PBXFileReference; fileEncoding = 4; lastKnownFileType = sourcecode.swift; path = "Scenario+Gift.swift"; sourceTree = "<group>"; };
		6BE6663E20C3F68B00162872 /* AppearanceTheme+CoreDataProperties.swift */ = {isa = PBXFileReference; fileEncoding = 4; lastKnownFileType = sourcecode.swift; path = "AppearanceTheme+CoreDataProperties.swift"; sourceTree = "<group>"; };
		6BE6663F20C3F68B00162872 /* AppearanceTheme+CoreDataClass.swift */ = {isa = PBXFileReference; fileEncoding = 4; lastKnownFileType = sourcecode.swift; path = "AppearanceTheme+CoreDataClass.swift"; sourceTree = "<group>"; };
		6BE6664020C3F68B00162872 /* Gift+CoreDataProperties.swift */ = {isa = PBXFileReference; fileEncoding = 4; lastKnownFileType = sourcecode.swift; path = "Gift+CoreDataProperties.swift"; sourceTree = "<group>"; };
		6BE6664120C3F68B00162872 /* Campaign+CoreDataProperties.swift */ = {isa = PBXFileReference; fileEncoding = 4; lastKnownFileType = sourcecode.swift; path = "Campaign+CoreDataProperties.swift"; sourceTree = "<group>"; };
		6BE6664220C3F68B00162872 /* GiftScenario+CoreDataClass.swift */ = {isa = PBXFileReference; fileEncoding = 4; lastKnownFileType = sourcecode.swift; path = "GiftScenario+CoreDataClass.swift"; sourceTree = "<group>"; };
		6BE6664320C3F68B00162872 /* GiftScenario+CoreDataProperties.swift */ = {isa = PBXFileReference; fileEncoding = 4; lastKnownFileType = sourcecode.swift; path = "GiftScenario+CoreDataProperties.swift"; sourceTree = "<group>"; };
		6BE6664420C3F68B00162872 /* Scenario+CoreDataClass.swift */ = {isa = PBXFileReference; fileEncoding = 4; lastKnownFileType = sourcecode.swift; path = "Scenario+CoreDataClass.swift"; sourceTree = "<group>"; };
		6BE6664520C3F68B00162872 /* Campaign+CoreDataClass.swift */ = {isa = PBXFileReference; fileEncoding = 4; lastKnownFileType = sourcecode.swift; path = "Campaign+CoreDataClass.swift"; sourceTree = "<group>"; };
		6BE6664620C3F68B00162872 /* Scenario+CoreDataProperties.swift */ = {isa = PBXFileReference; fileEncoding = 4; lastKnownFileType = sourcecode.swift; path = "Scenario+CoreDataProperties.swift"; sourceTree = "<group>"; };
		6BE6664720C3F68C00162872 /* Gift+CoreDataClass.swift */ = {isa = PBXFileReference; fileEncoding = 4; lastKnownFileType = sourcecode.swift; path = "Gift+CoreDataClass.swift"; sourceTree = "<group>"; };
		B5A06D93855248AB1B403826 /* Pods_Heritage_App.framework */ = {isa = PBXFileReference; explicitFileType = wrapper.framework; includeInIndex = 0; path = Pods_Heritage_App.framework; sourceTree = BUILT_PRODUCTS_DIR; };
		F114C78A13968466602664E0 /* Pods-Heritage App.debug.xcconfig */ = {isa = PBXFileReference; includeInIndex = 1; lastKnownFileType = text.xcconfig; name = "Pods-Heritage App.debug.xcconfig"; path = "Pods/Target Support Files/Pods-Heritage App/Pods-Heritage App.debug.xcconfig"; sourceTree = "<group>"; };
/* End PBXFileReference section */

/* Begin PBXFrameworksBuildPhase section */
		3A4CAED820BEA11600021363 /* Frameworks */ = {
			isa = PBXFrameworksBuildPhase;
			buildActionMask = 2147483647;
			files = (
				449CA2109A1650614244DB39 /* Pods_Heritage_App.framework in Frameworks */,
			);
			runOnlyForDeploymentPostprocessing = 0;
		};
/* End PBXFrameworksBuildPhase section */

/* Begin PBXGroup section */
		11F539381009C2417D8A8AF2 /* Pods */ = {
			isa = PBXGroup;
			children = (
				F114C78A13968466602664E0 /* Pods-Heritage App.debug.xcconfig */,
				56CCD75EDB9FDF14211BA0E6 /* Pods-Heritage App.release.xcconfig */,
			);
			name = Pods;
			sourceTree = "<group>";
		};
		2718132FEE4951C0491CC206 /* Frameworks */ = {
			isa = PBXGroup;
			children = (
				B5A06D93855248AB1B403826 /* Pods_Heritage_App.framework */,
			);
			name = Frameworks;
			sourceTree = "<group>";
		};
		3A4CAED220BEA11600021363 = {
			isa = PBXGroup;
			children = (
				3A4CAEDD20BEA11600021363 /* Heritage App */,
				3A4CAEDC20BEA11600021363 /* Products */,
				11F539381009C2417D8A8AF2 /* Pods */,
				2718132FEE4951C0491CC206 /* Frameworks */,
			);
			sourceTree = "<group>";
		};
		3A4CAEDC20BEA11600021363 /* Products */ = {
			isa = PBXGroup;
			children = (
				3A4CAEDB20BEA11600021363 /* Heritage App.app */,
			);
			name = Products;
			sourceTree = "<group>";
		};
		3A4CAEDD20BEA11600021363 /* Heritage App */ = {
			isa = PBXGroup;
			children = (
				3A4CAEDE20BEA11600021363 /* AppDelegate.swift */,
				3A4CAEF820BEAA9500021363 /* Models */,
				3A4CAEF020BEA16B00021363 /* ViewControllers */,
				6BE6662320C3F65600162872 /* Networking */,
				6BE6662820C3F66A00162872 /* Datasource */,
				3A4CAEE220BEA11600021363 /* Main.storyboard */,
				3A4CAEE520BEA11800021363 /* Assets.xcassets */,
				3A4CAEF720BEAA9000021363 /* Resources */,
				3A4CAEE720BEA11800021363 /* LaunchScreen.storyboard */,
				3A4CAEEA20BEA11800021363 /* Info.plist */,
			);
			path = "Heritage App";
			sourceTree = "<group>";
		};
		3A4CAEF020BEA16B00021363 /* ViewControllers */ = {
			isa = PBXGroup;
			children = (
				6B0C724020C0699E00AB904C /* Select Campaign */,
				6B0C724320C06AE400AB904C /* Select Difficulty */,
				6B0C724820C06CE000AB904C /* Home */,
				6B0C724620C06C5F00AB904C /* Game */,
				6B0C724720C06C6400AB904C /* Categories */,
				6B0C723D20C0698900AB904C /* Lose */,
				6B0C723A20C0697600AB904C /* Win */,
				3A4CAEF120BEA17E00021363 /* BaseVIewController.swift */,
			);
			path = ViewControllers;
			sourceTree = "<group>";
		};
		3A4CAEF720BEAA9000021363 /* Resources */ = {
			isa = PBXGroup;
			children = (
				3A4CAF0220BFFB6B00021363 /* Fonts */,
				3A4CAEF920BEAB2700021363 /* package_json.json */,
			);
			path = Resources;
			sourceTree = "<group>";
		};
		3A4CAEF820BEAA9500021363 /* Models */ = {
			isa = PBXGroup;
			children = (
				3A4CAEFB20BEAC7A00021363 /* Question.swift */,
			);
			path = Models;
			sourceTree = "<group>";
		};
		3A4CAF0220BFFB6B00021363 /* Fonts */ = {
			isa = PBXGroup;
			children = (
				3A4CAF0320BFFB6B00021363 /* PTSansNarrowBold.ttf */,
			);
			path = Fonts;
			sourceTree = "<group>";
		};
		6B0C723A20C0697600AB904C /* Win */ = {
			isa = PBXGroup;
			children = (
				6B0C723B20C0698100AB904C /* WinViewController.swift */,
			);
			path = Win;
			sourceTree = "<group>";
		};
		6B0C723D20C0698900AB904C /* Lose */ = {
			isa = PBXGroup;
			children = (
				6B0C723E20C0699200AB904C /* LoseViewController.swift */,
			);
			path = Lose;
			sourceTree = "<group>";
		};
		6B0C724020C0699E00AB904C /* Select Campaign */ = {
			isa = PBXGroup;
			children = (
				6B0C724120C069AE00AB904C /* SelectCampaignViewController.swift */,
			);
			path = "Select Campaign";
			sourceTree = "<group>";
		};
		6B0C724320C06AE400AB904C /* Select Difficulty */ = {
			isa = PBXGroup;
			children = (
				6B0C724420C06AF000AB904C /* SelectDifficultyViewController.swift */,
			);
			path = "Select Difficulty";
			sourceTree = "<group>";
		};
		6B0C724620C06C5F00AB904C /* Game */ = {
			isa = PBXGroup;
			children = (
				3A4CAEF520BEA51300021363 /* GameViewController.swift */,
			);
			path = Game;
			sourceTree = "<group>";
		};
		6B0C724720C06C6400AB904C /* Categories */ = {
			isa = PBXGroup;
			children = (
				3A4CAEF320BEA1E200021363 /* CategoriesViewController.swift */,
			);
			path = Categories;
			sourceTree = "<group>";
		};
		6B0C724820C06CE000AB904C /* Home */ = {
			isa = PBXGroup;
			children = (
				6B0C724920C06CED00AB904C /* HomeViewController.swift */,
			);
			path = Home;
			sourceTree = "<group>";
		};
		6BE6662320C3F65600162872 /* Networking */ = {
			isa = PBXGroup;
			children = (
				6BE6662520C3F66400162872 /* DownloadImageOperation.swift */,
				6BE6662420C3F66400162872 /* PMISessionManager.swift */,
			);
			path = Networking;
			sourceTree = "<group>";
		};
		6BE6662820C3F66A00162872 /* Datasource */ = {
			isa = PBXGroup;
			children = (
				6BE6663120C3F67F00162872 /* Extensions */,
				6BE6663020C3F67900162872 /* Generated */,
				6BE6662A20C3F67400162872 /* PMI.xcdatamodeld */,
				6BE6662920C3F67400162872 /* PMIDataSource.swift */,
				6BE6662C20C3F67400162872 /* String+Extensions.swift */,
			);
			path = Datasource;
			sourceTree = "<group>";
		};
		6BE6663020C3F67900162872 /* Generated */ = {
			isa = PBXGroup;
			children = (
				6BE6663F20C3F68B00162872 /* AppearanceTheme+CoreDataClass.swift */,
				6BE6663E20C3F68B00162872 /* AppearanceTheme+CoreDataProperties.swift */,
				6BE6664520C3F68B00162872 /* Campaign+CoreDataClass.swift */,
				6BE6664120C3F68B00162872 /* Campaign+CoreDataProperties.swift */,
				6BE6664720C3F68C00162872 /* Gift+CoreDataClass.swift */,
				6BE6664020C3F68B00162872 /* Gift+CoreDataProperties.swift */,
				6BE6664220C3F68B00162872 /* GiftScenario+CoreDataClass.swift */,
				6BE6664320C3F68B00162872 /* GiftScenario+CoreDataProperties.swift */,
				6BE6664420C3F68B00162872 /* Scenario+CoreDataClass.swift */,
				6BE6664620C3F68B00162872 /* Scenario+CoreDataProperties.swift */,
			);
			path = Generated;
			sourceTree = "<group>";
		};
		6BE6663120C3F67F00162872 /* Extensions */ = {
			isa = PBXGroup;
			children = (
				6BE6663320C3F68600162872 /* AppearanceTheme+CoreDataExtensions.swift */,
				6BE6663420C3F68600162872 /* Campaign+CoreDataExtensions.swift */,
				6BE6663220C3F68600162872 /* Gift+DictionaryInitializer.swift */,
				6BE6663520C3F68700162872 /* GiftScenario+DictionaryInitializer.swift */,
				6BE6663620C3F68700162872 /* Scenario+DictionaryInitializer.swift */,
				6BE6663720C3F68700162872 /* Scenario+Gift.swift */,
			);
			path = Extensions;
			sourceTree = "<group>";
		};
/* End PBXGroup section */

/* Begin PBXNativeTarget section */
		3A4CAEDA20BEA11600021363 /* Heritage App */ = {
			isa = PBXNativeTarget;
			buildConfigurationList = 3A4CAEED20BEA11800021363 /* Build configuration list for PBXNativeTarget "Heritage App" */;
			buildPhases = (
				5068EC6CF303CD962289FCBE /* [CP] Check Pods Manifest.lock */,
				3A4CAED720BEA11600021363 /* Sources */,
				3A4CAED820BEA11600021363 /* Frameworks */,
				3A4CAED920BEA11600021363 /* Resources */,
				715A2002712E32ADCAF2E24E /* [CP] Embed Pods Frameworks */,
			);
			buildRules = (
			);
			dependencies = (
			);
			name = "Heritage App";
			productName = "Heritage App";
			productReference = 3A4CAEDB20BEA11600021363 /* Heritage App.app */;
			productType = "com.apple.product-type.application";
		};
/* End PBXNativeTarget section */

/* Begin PBXProject section */
		3A4CAED320BEA11600021363 /* Project object */ = {
			isa = PBXProject;
			attributes = {
				LastSwiftUpdateCheck = 0930;
				LastUpgradeCheck = 0930;
				ORGANIZATIONNAME = "Anton Klysa";
				TargetAttributes = {
					3A4CAEDA20BEA11600021363 = {
						CreatedOnToolsVersion = 9.3.1;
					};
				};
			};
			buildConfigurationList = 3A4CAED620BEA11600021363 /* Build configuration list for PBXProject "Heritage App" */;
			compatibilityVersion = "Xcode 9.3";
			developmentRegion = en;
			hasScannedForEncodings = 0;
			knownRegions = (
				en,
				Base,
			);
			mainGroup = 3A4CAED220BEA11600021363;
			productRefGroup = 3A4CAEDC20BEA11600021363 /* Products */;
			projectDirPath = "";
			projectRoot = "";
			targets = (
				3A4CAEDA20BEA11600021363 /* Heritage App */,
			);
		};
/* End PBXProject section */

/* Begin PBXResourcesBuildPhase section */
		3A4CAED920BEA11600021363 /* Resources */ = {
			isa = PBXResourcesBuildPhase;
			buildActionMask = 2147483647;
			files = (
				3A4CAF0420BFFB6B00021363 /* PTSansNarrowBold.ttf in Resources */,
				3A4CAEE920BEA11800021363 /* LaunchScreen.storyboard in Resources */,
				3A4CAEE620BEA11800021363 /* Assets.xcassets in Resources */,
				3A4CAEFA20BEAB2700021363 /* package_json.json in Resources */,
				3A4CAEE420BEA11600021363 /* Main.storyboard in Resources */,
			);
			runOnlyForDeploymentPostprocessing = 0;
		};
/* End PBXResourcesBuildPhase section */

/* Begin PBXShellScriptBuildPhase section */
		5068EC6CF303CD962289FCBE /* [CP] Check Pods Manifest.lock */ = {
			isa = PBXShellScriptBuildPhase;
			buildActionMask = 2147483647;
			files = (
			);
			inputPaths = (
				"${PODS_PODFILE_DIR_PATH}/Podfile.lock",
				"${PODS_ROOT}/Manifest.lock",
			);
			name = "[CP] Check Pods Manifest.lock";
			outputPaths = (
				"$(DERIVED_FILE_DIR)/Pods-Heritage App-checkManifestLockResult.txt",
			);
			runOnlyForDeploymentPostprocessing = 0;
			shellPath = /bin/sh;
			shellScript = "diff \"${PODS_PODFILE_DIR_PATH}/Podfile.lock\" \"${PODS_ROOT}/Manifest.lock\" > /dev/null\nif [ $? != 0 ] ; then\n    # print error to STDERR\n    echo \"error: The sandbox is not in sync with the Podfile.lock. Run 'pod install' or update your CocoaPods installation.\" >&2\n    exit 1\nfi\n# This output is used by Xcode 'outputs' to avoid re-running this script phase.\necho \"SUCCESS\" > \"${SCRIPT_OUTPUT_FILE_0}\"\n";
			showEnvVarsInLog = 0;
		};
		715A2002712E32ADCAF2E24E /* [CP] Embed Pods Frameworks */ = {
			isa = PBXShellScriptBuildPhase;
			buildActionMask = 2147483647;
			files = (
			);
			inputPaths = (
				"${SRCROOT}/Pods/Target Support Files/Pods-Heritage App/Pods-Heritage App-frameworks.sh",
				"${BUILT_PRODUCTS_DIR}/Mantle/Mantle.framework",
			);
			name = "[CP] Embed Pods Frameworks";
			outputPaths = (
				"${TARGET_BUILD_DIR}/${FRAMEWORKS_FOLDER_PATH}/Mantle.framework",
			);
			runOnlyForDeploymentPostprocessing = 0;
			shellPath = /bin/sh;
			shellScript = "\"${SRCROOT}/Pods/Target Support Files/Pods-Heritage App/Pods-Heritage App-frameworks.sh\"\n";
			showEnvVarsInLog = 0;
		};
/* End PBXShellScriptBuildPhase section */

/* Begin PBXSourcesBuildPhase section */
		3A4CAED720BEA11600021363 /* Sources */ = {
			isa = PBXSourcesBuildPhase;
			buildActionMask = 2147483647;
			files = (
				6BE6663D20C3F68700162872 /* Scenario+Gift.swift in Sources */,
				3A4CAEFD20BEAC7A00021363 /* Question.swift in Sources */,
				3A4CAEF620BEA51300021363 /* GameViewController.swift in Sources */,
				6BE6662620C3F66400162872 /* PMISessionManager.swift in Sources */,
				6BE6662720C3F66400162872 /* DownloadImageOperation.swift in Sources */,
				6BE6663820C3F68700162872 /* Gift+DictionaryInitializer.swift in Sources */,
				6BE6664B20C3F68C00162872 /* Campaign+CoreDataProperties.swift in Sources */,
				6BE6662E20C3F67500162872 /* PMI.xcdatamodeld in Sources */,
				3A4CAEF420BEA1E200021363 /* CategoriesViewController.swift in Sources */,
				6B0C723F20C0699200AB904C /* LoseViewController.swift in Sources */,
				6B0C724220C069AE00AB904C /* SelectCampaignViewController.swift in Sources */,
				6BE6664E20C3F68C00162872 /* Scenario+CoreDataClass.swift in Sources */,
				6B0C724A20C06CED00AB904C /* HomeViewController.swift in Sources */,
				6BE6664820C3F68C00162872 /* AppearanceTheme+CoreDataProperties.swift in Sources */,
				6BE6663A20C3F68700162872 /* Campaign+CoreDataExtensions.swift in Sources */,
				6BE6665120C3F68C00162872 /* Gift+CoreDataClass.swift in Sources */,
				6BE6665020C3F68C00162872 /* Scenario+CoreDataProperties.swift in Sources */,
				6BE6664C20C3F68C00162872 /* GiftScenario+CoreDataClass.swift in Sources */,
				6BE6664A20C3F68C00162872 /* Gift+CoreDataProperties.swift in Sources */,
				6B0C723C20C0698100AB904C /* WinViewController.swift in Sources */,
				6BE6662F20C3F67500162872 /* String+Extensions.swift in Sources */,
				3A4CAEF220BEA17E00021363 /* BaseVIewController.swift in Sources */,
				6BE6663B20C3F68700162872 /* GiftScenario+DictionaryInitializer.swift in Sources */,
				6BE6664D20C3F68C00162872 /* GiftScenario+CoreDataProperties.swift in Sources */,
				6B0C724520C06AF000AB904C /* SelectDifficultyViewController.swift in Sources */,
				6BE6664920C3F68C00162872 /* AppearanceTheme+CoreDataClass.swift in Sources */,
				6BE6663C20C3F68700162872 /* Scenario+DictionaryInitializer.swift in Sources */,
				3A4CAEDF20BEA11600021363 /* AppDelegate.swift in Sources */,
				6BE6663920C3F68700162872 /* AppearanceTheme+CoreDataExtensions.swift in Sources */,
				6BE6664F20C3F68C00162872 /* Campaign+CoreDataClass.swift in Sources */,
				6BE6662D20C3F67500162872 /* PMIDataSource.swift in Sources */,
			);
			runOnlyForDeploymentPostprocessing = 0;
		};
/* End PBXSourcesBuildPhase section */

/* Begin PBXVariantGroup section */
		3A4CAEE220BEA11600021363 /* Main.storyboard */ = {
			isa = PBXVariantGroup;
			children = (
				3A4CAEE320BEA11600021363 /* Base */,
			);
			name = Main.storyboard;
			sourceTree = "<group>";
		};
		3A4CAEE720BEA11800021363 /* LaunchScreen.storyboard */ = {
			isa = PBXVariantGroup;
			children = (
				3A4CAEE820BEA11800021363 /* Base */,
			);
			name = LaunchScreen.storyboard;
			sourceTree = "<group>";
		};
/* End PBXVariantGroup section */

/* Begin XCBuildConfiguration section */
		3A4CAEEB20BEA11800021363 /* Debug */ = {
			isa = XCBuildConfiguration;
			buildSettings = {
				ALWAYS_SEARCH_USER_PATHS = NO;
				CLANG_ANALYZER_NONNULL = YES;
				CLANG_ANALYZER_NUMBER_OBJECT_CONVERSION = YES_AGGRESSIVE;
				CLANG_CXX_LANGUAGE_STANDARD = "gnu++14";
				CLANG_CXX_LIBRARY = "libc++";
				CLANG_ENABLE_MODULES = YES;
				CLANG_ENABLE_OBJC_ARC = YES;
				CLANG_ENABLE_OBJC_WEAK = YES;
				CLANG_WARN_BLOCK_CAPTURE_AUTORELEASING = YES;
				CLANG_WARN_BOOL_CONVERSION = YES;
				CLANG_WARN_COMMA = YES;
				CLANG_WARN_CONSTANT_CONVERSION = YES;
				CLANG_WARN_DEPRECATED_OBJC_IMPLEMENTATIONS = YES;
				CLANG_WARN_DIRECT_OBJC_ISA_USAGE = YES_ERROR;
				CLANG_WARN_DOCUMENTATION_COMMENTS = YES;
				CLANG_WARN_EMPTY_BODY = YES;
				CLANG_WARN_ENUM_CONVERSION = YES;
				CLANG_WARN_INFINITE_RECURSION = YES;
				CLANG_WARN_INT_CONVERSION = YES;
				CLANG_WARN_NON_LITERAL_NULL_CONVERSION = YES;
				CLANG_WARN_OBJC_IMPLICIT_RETAIN_SELF = YES;
				CLANG_WARN_OBJC_LITERAL_CONVERSION = YES;
				CLANG_WARN_OBJC_ROOT_CLASS = YES_ERROR;
				CLANG_WARN_RANGE_LOOP_ANALYSIS = YES;
				CLANG_WARN_STRICT_PROTOTYPES = YES;
				CLANG_WARN_SUSPICIOUS_MOVE = YES;
				CLANG_WARN_UNGUARDED_AVAILABILITY = YES_AGGRESSIVE;
				CLANG_WARN_UNREACHABLE_CODE = YES;
				CLANG_WARN__DUPLICATE_METHOD_MATCH = YES;
				CODE_SIGN_IDENTITY = "iPhone Developer";
				COPY_PHASE_STRIP = NO;
				DEBUG_INFORMATION_FORMAT = dwarf;
				ENABLE_STRICT_OBJC_MSGSEND = YES;
				ENABLE_TESTABILITY = YES;
				GCC_C_LANGUAGE_STANDARD = gnu11;
				GCC_DYNAMIC_NO_PIC = NO;
				GCC_NO_COMMON_BLOCKS = YES;
				GCC_OPTIMIZATION_LEVEL = 0;
				GCC_PREPROCESSOR_DEFINITIONS = (
					"DEBUG=1",
					"$(inherited)",
				);
				GCC_WARN_64_TO_32_BIT_CONVERSION = YES;
				GCC_WARN_ABOUT_RETURN_TYPE = YES_ERROR;
				GCC_WARN_UNDECLARED_SELECTOR = YES;
				GCC_WARN_UNINITIALIZED_AUTOS = YES_AGGRESSIVE;
				GCC_WARN_UNUSED_FUNCTION = YES;
				GCC_WARN_UNUSED_VARIABLE = YES;
				IPHONEOS_DEPLOYMENT_TARGET = 11.3;
				MTL_ENABLE_DEBUG_INFO = YES;
				ONLY_ACTIVE_ARCH = YES;
				SDKROOT = iphoneos;
				SWIFT_ACTIVE_COMPILATION_CONDITIONS = DEBUG;
				SWIFT_OPTIMIZATION_LEVEL = "-Onone";
			};
			name = Debug;
		};
		3A4CAEEC20BEA11800021363 /* Release */ = {
			isa = XCBuildConfiguration;
			buildSettings = {
				ALWAYS_SEARCH_USER_PATHS = NO;
				CLANG_ANALYZER_NONNULL = YES;
				CLANG_ANALYZER_NUMBER_OBJECT_CONVERSION = YES_AGGRESSIVE;
				CLANG_CXX_LANGUAGE_STANDARD = "gnu++14";
				CLANG_CXX_LIBRARY = "libc++";
				CLANG_ENABLE_MODULES = YES;
				CLANG_ENABLE_OBJC_ARC = YES;
				CLANG_ENABLE_OBJC_WEAK = YES;
				CLANG_WARN_BLOCK_CAPTURE_AUTORELEASING = YES;
				CLANG_WARN_BOOL_CONVERSION = YES;
				CLANG_WARN_COMMA = YES;
				CLANG_WARN_CONSTANT_CONVERSION = YES;
				CLANG_WARN_DEPRECATED_OBJC_IMPLEMENTATIONS = YES;
				CLANG_WARN_DIRECT_OBJC_ISA_USAGE = YES_ERROR;
				CLANG_WARN_DOCUMENTATION_COMMENTS = YES;
				CLANG_WARN_EMPTY_BODY = YES;
				CLANG_WARN_ENUM_CONVERSION = YES;
				CLANG_WARN_INFINITE_RECURSION = YES;
				CLANG_WARN_INT_CONVERSION = YES;
				CLANG_WARN_NON_LITERAL_NULL_CONVERSION = YES;
				CLANG_WARN_OBJC_IMPLICIT_RETAIN_SELF = YES;
				CLANG_WARN_OBJC_LITERAL_CONVERSION = YES;
				CLANG_WARN_OBJC_ROOT_CLASS = YES_ERROR;
				CLANG_WARN_RANGE_LOOP_ANALYSIS = YES;
				CLANG_WARN_STRICT_PROTOTYPES = YES;
				CLANG_WARN_SUSPICIOUS_MOVE = YES;
				CLANG_WARN_UNGUARDED_AVAILABILITY = YES_AGGRESSIVE;
				CLANG_WARN_UNREACHABLE_CODE = YES;
				CLANG_WARN__DUPLICATE_METHOD_MATCH = YES;
				CODE_SIGN_IDENTITY = "iPhone Developer";
				COPY_PHASE_STRIP = NO;
				DEBUG_INFORMATION_FORMAT = "dwarf-with-dsym";
				ENABLE_NS_ASSERTIONS = NO;
				ENABLE_STRICT_OBJC_MSGSEND = YES;
				GCC_C_LANGUAGE_STANDARD = gnu11;
				GCC_NO_COMMON_BLOCKS = YES;
				GCC_WARN_64_TO_32_BIT_CONVERSION = YES;
				GCC_WARN_ABOUT_RETURN_TYPE = YES_ERROR;
				GCC_WARN_UNDECLARED_SELECTOR = YES;
				GCC_WARN_UNINITIALIZED_AUTOS = YES_AGGRESSIVE;
				GCC_WARN_UNUSED_FUNCTION = YES;
				GCC_WARN_UNUSED_VARIABLE = YES;
				IPHONEOS_DEPLOYMENT_TARGET = 11.3;
				MTL_ENABLE_DEBUG_INFO = NO;
				SDKROOT = iphoneos;
				SWIFT_COMPILATION_MODE = wholemodule;
				SWIFT_OPTIMIZATION_LEVEL = "-O";
				VALIDATE_PRODUCT = YES;
			};
			name = Release;
		};
		3A4CAEEE20BEA11800021363 /* Debug */ = {
			isa = XCBuildConfiguration;
			baseConfigurationReference = F114C78A13968466602664E0 /* Pods-Heritage App.debug.xcconfig */;
			buildSettings = {
				ASSETCATALOG_COMPILER_APPICON_NAME = AppIcon;
				CODE_SIGN_STYLE = Manual;
				DEVELOPMENT_TEAM = 9JLRSR336H;
				INFOPLIST_FILE = "Heritage App/Info.plist";
				IPHONEOS_DEPLOYMENT_TARGET = 9.0;
				LD_RUNPATH_SEARCH_PATHS = (
					"$(inherited)",
					"@executable_path/Frameworks",
				);
				PRODUCT_BUNDLE_IDENTIFIER = "com.oze-lca.heritage";
				PRODUCT_NAME = "$(TARGET_NAME)";
				PROVISIONING_PROFILE = "8141ec22-a888-4dcc-86ce-7eab4f18db65";
				PROVISIONING_PROFILE_SPECIFIER = WildCardProvisionProfile;
				SWIFT_VERSION = 4.0;
				TARGETED_DEVICE_FAMILY = 2;
			};
			name = Debug;
		};
		3A4CAEEF20BEA11800021363 /* Release */ = {
			isa = XCBuildConfiguration;
			baseConfigurationReference = 56CCD75EDB9FDF14211BA0E6 /* Pods-Heritage App.release.xcconfig */;
			buildSettings = {
				ASSETCATALOG_COMPILER_APPICON_NAME = AppIcon;
				CODE_SIGN_IDENTITY = "iPhone Distribution";
				CODE_SIGN_STYLE = Manual;
				DEVELOPMENT_TEAM = 9JLRSR336H;
				INFOPLIST_FILE = "Heritage App/Info.plist";
				IPHONEOS_DEPLOYMENT_TARGET = 9.0;
				LD_RUNPATH_SEARCH_PATHS = (
					"$(inherited)",
					"@executable_path/Frameworks",
				);
				PRODUCT_BUNDLE_IDENTIFIER = "com.oze-lca.heritage";
				PRODUCT_NAME = "$(TARGET_NAME)";
				PROVISIONING_PROFILE = "8cb5027c-d0e3-4fc3-b50c-00e1b96f6fd1";
				PROVISIONING_PROFILE_SPECIFIER = HeritageApp_AdHoc;
				SWIFT_VERSION = 4.0;
				TARGETED_DEVICE_FAMILY = 2;
			};
			name = Release;
		};
/* End XCBuildConfiguration section */

/* Begin XCConfigurationList section */
		3A4CAED620BEA11600021363 /* Build configuration list for PBXProject "Heritage App" */ = {
			isa = XCConfigurationList;
			buildConfigurations = (
				3A4CAEEB20BEA11800021363 /* Debug */,
				3A4CAEEC20BEA11800021363 /* Release */,
			);
			defaultConfigurationIsVisible = 0;
			defaultConfigurationName = Release;
		};
		3A4CAEED20BEA11800021363 /* Build configuration list for PBXNativeTarget "Heritage App" */ = {
			isa = XCConfigurationList;
			buildConfigurations = (
				3A4CAEEE20BEA11800021363 /* Debug */,
				3A4CAEEF20BEA11800021363 /* Release */,
			);
			defaultConfigurationIsVisible = 0;
			defaultConfigurationName = Release;
		};
/* End XCConfigurationList section */

/* Begin XCVersionGroup section */
		6BE6662A20C3F67400162872 /* PMI.xcdatamodeld */ = {
			isa = XCVersionGroup;
			children = (
				6BE6662B20C3F67400162872 /* PMI.xcdatamodel */,
			);
			currentVersion = 6BE6662B20C3F67400162872 /* PMI.xcdatamodel */;
			path = PMI.xcdatamodeld;
			sourceTree = "<group>";
			versionGroupType = wrapper.xcdatamodel;
		};
/* End XCVersionGroup section */
	};
	rootObject = 3A4CAED320BEA11600021363 /* Project object */;
}
